
Microsoft Visual Studio Solution File, Format Version 12.00
# Visual Studio Version 16
VisualStudioVersion = 16.0.32106.194
MinimumVisualStudioVersion = 10.0.40219.1
Project("{FAE04EC0-301F-11D3-BF4B-00C04F79EFBC}") = "ExCashRegister", "ExCashRegister.csproj", "{AF7497AC-5782-4EB8-A1EB-F2233D074F6B}"
EndProject
Global
	GlobalSection(SolutionConfigurationPlatforms) = preSolution
		Debug|Any CPU = Debug|Any CPU
		Release|Any CPU = Release|Any CPU
	EndGlobalSection
	GlobalSection(ProjectConfigurationPlatforms) = postSolution
		{AF7497AC-5782-4EB8-A1EB-F2233D074F6B}.Debug|Any CPU.ActiveCfg = Debug|Any CPU
		{AF7497AC-5782-4EB8-A1EB-F2233D074F6B}.Debug|Any CPU.Build.0 = Debug|Any CPU
		{AF7497AC-5782-4EB8-A1EB-F2233D074F6B}.Release|Any CPU.ActiveCfg = Release|Any CPU
		{AF7497AC-5782-4EB8-A1EB-F2233D074F6B}.Release|Any CPU.Build.0 = Release|Any CPU
	EndGlobalSection
	GlobalSection(SolutionProperties) = preSolution
		HideSolutionNode = FALSE
	EndGlobalSection
	GlobalSection(ExtensibilityGlobals) = postSolution
		SolutionGuid = {ECCC2290-D441-4E78-897C-9BDEC3E49D28}
	EndGlobalSection
EndGlobal
